{
    "name": "thanosdidnothingwrong",
    "version": "1.0.0",
    "lockfileVersion": 1,
    "requires": true,
    "dependencies": {
        "@uirouter/core": {
            "version": "6.0.1",
            "resolved": "https://registry.npmjs.org/@uirouter/core/-/core-6.0.1.tgz",
            "integrity": "sha1-k7AqXReKercxPzS3s/AZoADSM5Y="
        },
        "angular": {
            "version": "1.7.8",
            "resolved": "https://registry.npmjs.org/angular/-/angular-1.7.8.tgz",
            "integrity": "sha1-t37eJyzhsmHjvjDBRRoLNGkFo8k="
        },
        "angular-animate": {
            "version": "1.7.8",
            "resolved": "https://registry.npmjs.org/angular-animate/-/angular-animate-1.7.8.tgz",
            "integrity": "sha1-yV8jfv5+z+DmADrbXix+8OWiudQ="
        },
        "angular-aria": {
            "version": "1.7.8",
            "resolved": "https://registry.npmjs.org/angular-aria/-/angular-aria-1.7.8.tgz",
            "integrity": "sha1-OVQlDvUWtXzdPN9B/07m/P3ITOs="
        },
        "angular-hotkeys": {
            "version": "1.7.0",
            "resolved": "https://registry.npmjs.org/angular-hotkeys/-/angular-hotkeys-1.7.0.tgz",
            "integrity": "sha1-BS5rb0TfzYJEJ3mLfxDhkX6HAKE="
        },
        "angular-material": {
            "version": "1.1.20",
            "resolved": "https://registry.npmjs.org/angular-material/-/angular-material-1.1.20.tgz",
            "integrity": "sha1-E43vSk85gv3fp3iMl3XmY/EsuoU="
        },
        "angular-messages": {
            "version": "1.7.8",
            "resolved": "https://registry.npmjs.org/angular-messages/-/angular-messages-1.7.8.tgz",
            "integrity": "sha1-dG2pyVX4Ve9s6sNLKl64sbEuang="
        },
        "angular-sanitize": {
            "version": "1.7.8",
            "resolved": "https://registry.npmjs.org/angular-sanitize/-/angular-sanitize-1.7.8.tgz",
            "integrity": "sha1-h9WfdUuxjSht/Z1s6GcpnAlMZxk="
        },
        "angular-ui-bootstrap": {
            "version": "2.5.6",
            "resolved": "https://registry.npmjs.org/angular-ui-bootstrap/-/angular-ui-bootstrap-2.5.6.tgz",
            "integrity": "sha1-I5NzIuxkGm++4WSYzDJFKqGZ58U="
        },
        "angular-ui-router": {
            "version": "1.0.23",
            "resolved": "https://registry.npmjs.org/angular-ui-router/-/angular-ui-router-1.0.23.tgz",
            "integrity": "sha1-wK9W2+kw+qWWPNyxM0AeZ0Th+ag=",
            "requires": {
                "@uirouter/core": "6.0.1"
            }
        },
        "angularjs-slider": {
            "version": "7.0.0",
            "resolved": "https://registry.npmjs.org/angularjs-slider/-/angularjs-slider-7.0.0.tgz",
            "integrity": "sha1-QY+CjiXa6zpzjyzCJXByxXIfLmc="
        },
        "bootstrap": {
            "version": "3.4.1",
            "resolved": "https://registry.npmjs.org/bootstrap/-/bootstrap-3.4.1.tgz",
            "integrity": "sha1-w6NH1Bniia0R9AM+PEEyuHwIHXI="
        },
        "jquery": {
            "version": "3.4.1",
            "resolved": "https://registry.npmjs.org/jquery/-/jquery-3.4.1.tgz",
            "integrity": "sha1-cU8fjZ3eS9+lV2S6N+8hRjDYDvI="
        },
        "lodash": {
            "version": "4.17.15",
            "resolved": "https://registry.npmjs.org/lodash/-/lodash-4.17.15.tgz",
            "integrity": "sha512-8xOcRHvCjnocdS5cpwXQXVzmmh5e5+saE2QGoeQmbKmRS6J3VQppPOIt0MnmE+4xlZoumy0GPG0D0MVIQbNA1A=="
        },
        "ng-toast": {
            "version": "2.0.0",
            "resolved": "https://registry.npmjs.org/ng-toast/-/ng-toast-2.0.0.tgz",
            "integrity": "sha1-f8Ez/AXohpCDDofNPR8ZPfHDNIM=",
            "requires": {
                "angular": ">=1.2.15 <1.6",
                "angular-sanitize": ">=1.2.15 <1.6"
            },
            "dependencies": {
                "angular": {
                    "version": "1.5.11",
                    "resolved": "https://registry.npmjs.org/angular/-/angular-1.5.11.tgz",
                    "integrity": "sha1-jFunOG8VllyazzQp9ogVU6raMNY="
                },
                "angular-sanitize": {
                    "version": "1.5.11",
                    "resolved": "https://registry.npmjs.org/angular-sanitize/-/angular-sanitize-1.5.11.tgz",
                    "integrity": "sha1-6/s/ND5UP5su8FD7TC6e4EjRdy8="
                }
            }
        }
    }
}
