{
    "name": "bam_annotation_tool",
    "version": "1.0.0",
    "lockfileVersion": 1,
    "requires": true,
    "dependencies": {
        "@uirouter/core": {
            "version": "6.0.1",
            "resolved": "https://registry.npmjs.org/@uirouter/core/-/core-6.0.1.tgz",
            "integrity": "sha1-k7AqXReKercxPzS3s/AZoADSM5Y="
        },
        "angular": {
            "version": "1.8.0",
            "resolved": "https://registry.npmjs.org/angular/-/angular-1.8.0.tgz",
            "integrity": "sha512-VdaMx+Qk0Skla7B5gw77a8hzlcOakwF8mjlW13DpIWIDlfqwAbSSLfd8N/qZnzEmQF4jC4iofInd3gE7vL8ZZg=="
        },
        "angular-animate": {
            "version": "1.8.0",
            "resolved": "https://registry.npmjs.org/angular-animate/-/angular-animate-1.8.0.tgz",
            "integrity": "sha512-ROFK3UIn1MSVpqAlay15ZxjPmVbvwaO3Zn/2vhmQdYeqxSbUVuOckcvtDLBpHPGPtOAreu35qfV7NQ7u2EgDcA=="
        },
        "angular-aria": {
            "version": "1.8.0",
            "resolved": "https://registry.npmjs.org/angular-aria/-/angular-aria-1.8.0.tgz",
            "integrity": "sha512-eCQI6EwgY6bYHdzIUfDABHnZjoZ3bNYpCsnceQF4bLfbq1QtZ7raRPNca45sj6C9Pfjde6PNcEDvuLozFPYnrQ=="
        },
        "angular-chart.js": {
            "version": "1.1.1",
            "resolved": "https://registry.npmjs.org/angular-chart.js/-/angular-chart.js-1.1.1.tgz",
            "integrity": "sha1-SfDhjQgXYrbUyXkeSHr/L7sw9a4=",
            "requires": {
                "angular": "1.x",
                "chart.js": "2.3.x"
            },
            "dependencies": {
                "chart.js": {
                    "version": "2.3.0",
                    "resolved": "https://registry.npmjs.org/chart.js/-/chart.js-2.3.0.tgz",
                    "integrity": "sha1-QEYOSOLEF8BfwzJc2E97AA3H19Y=",
                    "requires": {
                        "chartjs-color": "^2.0.0",
                        "moment": "^2.10.6"
                    }
                }
            }
        },
        "angular-hotkeys": {
            "version": "1.7.0",
            "resolved": "https://registry.npmjs.org/angular-hotkeys/-/angular-hotkeys-1.7.0.tgz",
            "integrity": "sha1-BS5rb0TfzYJEJ3mLfxDhkX6HAKE="
        },
        "angular-material": {
            "version": "1.1.20",
            "resolved": "https://registry.npmjs.org/angular-material/-/angular-material-1.1.20.tgz",
            "integrity": "sha1-E43vSk85gv3fp3iMl3XmY/EsuoU="
        },
        "angular-messages": {
            "version": "1.8.0",
            "resolved": "https://registry.npmjs.org/angular-messages/-/angular-messages-1.8.0.tgz",
            "integrity": "sha512-LSlyTv80y1vg8Cfdz+RJ0BrraWkq0qsOZHyrHFT8NyYWC5yp6HQabvZvTpKv9YA+6o05wwAU90qXHSrnUlSflA=="
        },
        "angular-sanitize": {
            "version": "1.8.0",
            "resolved": "https://registry.npmjs.org/angular-sanitize/-/angular-sanitize-1.8.0.tgz",
            "integrity": "sha512-j5GiOPCvfcDWK5svEOVoPb11X3UDVy/mdHPRWuy14Iyw86xaq+Bb+x/em2sAOa5MQQeY5ciLXbF3RRp8iCKcNg=="
        },
        "angular-ui-bootstrap": {
            "version": "2.5.6",
            "resolved": "https://registry.npmjs.org/angular-ui-bootstrap/-/angular-ui-bootstrap-2.5.6.tgz",
            "integrity": "sha1-I5NzIuxkGm++4WSYzDJFKqGZ58U="
        },
        "angular-ui-router": {
            "version": "1.0.23",
            "resolved": "https://registry.npmjs.org/angular-ui-router/-/angular-ui-router-1.0.23.tgz",
            "integrity": "sha1-wK9W2+kw+qWWPNyxM0AeZ0Th+ag=",
            "requires": {
                "@uirouter/core": "6.0.1"
            }
        },
        "angularjs-slider": {
            "version": "7.0.0",
            "resolved": "https://registry.npmjs.org/angularjs-slider/-/angularjs-slider-7.0.0.tgz",
            "integrity": "sha1-QY+CjiXa6zpzjyzCJXByxXIfLmc="
        },
        "bootstrap": {
            "version": "3.4.1",
            "resolved": "https://registry.npmjs.org/bootstrap/-/bootstrap-3.4.1.tgz",
            "integrity": "sha1-w6NH1Bniia0R9AM+PEEyuHwIHXI="
        },
        "chart.js": {
            "version": "2.9.3",
            "resolved": "https://registry.npmjs.org/chart.js/-/chart.js-2.9.3.tgz",
            "integrity": "sha512-+2jlOobSk52c1VU6fzkh3UwqHMdSlgH1xFv9FKMqHiNCpXsGPQa/+81AFa+i3jZ253Mq9aAycPwDjnn1XbRNNw==",
            "requires": {
                "chartjs-color": "^2.1.0",
                "moment": "^2.10.2"
            }
        },
        "chartjs-color": {
            "version": "2.4.1",
            "resolved": "https://registry.npmjs.org/chartjs-color/-/chartjs-color-2.4.1.tgz",
            "integrity": "sha512-haqOg1+Yebys/Ts/9bLo/BqUcONQOdr/hoEr2LLTRl6C5LXctUdHxsCYfvQVg5JIxITrfCNUDr4ntqmQk9+/0w==",
            "requires": {
                "chartjs-color-string": "^0.6.0",
                "color-convert": "^1.9.3"
            }
        },
        "chartjs-color-string": {
            "version": "0.6.0",
            "resolved": "https://registry.npmjs.org/chartjs-color-string/-/chartjs-color-string-0.6.0.tgz",
            "integrity": "sha512-TIB5OKn1hPJvO7JcteW4WY/63v6KwEdt6udfnDE9iCAZgy+V4SrbSxoIbTw/xkUIapjEI4ExGtD0+6D3KyFd7A==",
            "requires": {
                "color-name": "^1.0.0"
            }
        },
        "color-convert": {
            "version": "1.9.3",
            "resolved": "https://registry.npmjs.org/color-convert/-/color-convert-1.9.3.tgz",
            "integrity": "sha512-QfAUtd+vFdAtFQcC8CCyYt1fYWxSqAiK2cSD6zDB8N3cpsEBAvRxp9zOGg6G/SHHJYAT88/az/IuDGALsNVbGg==",
            "requires": {
                "color-name": "1.1.3"
            },
            "dependencies": {
                "color-name": {
                    "version": "1.1.3",
                    "resolved": "https://registry.npmjs.org/color-name/-/color-name-1.1.3.tgz",
                    "integrity": "sha1-p9BVi9icQveV3UIyj3QIMcpTvCU="
                }
            }
        },
        "color-name": {
            "version": "1.1.4",
            "resolved": "https://registry.npmjs.org/color-name/-/color-name-1.1.4.tgz",
            "integrity": "sha512-dOy+3AuW3a2wNbZHIuMZpTcgjGuLU/uBL/ubcZF9OXbDo8ff4O8yVp5Bf0efS8uEoYo5q4Fx7dY9OgQGXgAsQA=="
        },
        "jquery": {
            "version": "3.5.0",
            "resolved": "https://registry.npmjs.org/jquery/-/jquery-3.5.0.tgz",
            "integrity": "sha512-Xb7SVYMvygPxbFMpTFQiHh1J7HClEaThguL15N/Gg37Lri/qKyhRGZYzHRyLH8Stq3Aow0LsHO2O2ci86fCrNQ=="
        },
        "lodash": {
            "version": "4.17.21",
            "resolved": "https://registry.npmjs.org/lodash/-/lodash-4.17.21.tgz",
            "integrity": "sha512-v2kDEe57lecTulaDIuNTPy3Ry4gLGJ6Z1O3vE1krgXZNrsQ+LFTGHVxVjcXPs17LhbZVGedAJv8XZ1tvj5FvSg=="
        },
        "moment": {
            "version": "2.26.0",
            "resolved": "https://registry.npmjs.org/moment/-/moment-2.26.0.tgz",
            "integrity": "sha512-oIixUO+OamkUkwjhAVE18rAMfRJNsNe/Stid/gwHSOfHrOtw9EhAY2AHvdKZ/k/MggcYELFCJz/Sn2pL8b8JMw=="
        },
        "ng-toast": {
            "version": "2.0.0",
            "resolved": "https://registry.npmjs.org/ng-toast/-/ng-toast-2.0.0.tgz",
            "integrity": "sha1-f8Ez/AXohpCDDofNPR8ZPfHDNIM=",
            "requires": {
                "angular": ">=1.2.15 <1.6",
                "angular-sanitize": ">=1.2.15 <1.6"
            },
            "dependencies": {
                "angular": {
                    "version": "1.5.11",
                    "resolved": "https://registry.npmjs.org/angular/-/angular-1.5.11.tgz",
                    "integrity": "sha1-jFunOG8VllyazzQp9ogVU6raMNY="
                },
                "angular-sanitize": {
                    "version": "1.5.11",
                    "resolved": "https://registry.npmjs.org/angular-sanitize/-/angular-sanitize-1.5.11.tgz",
                    "integrity": "sha1-6/s/ND5UP5su8FD7TC6e4EjRdy8="
                }
            }
        }
    }
}
